
Microsoft Visual Studio Solution File, Format Version 12.00
Project("{FAE04EC0-301F-11D3-BF4B-00C04F79EFBC}") = "GuitarConfiguratorSharp", "GuitarConfiguratorSharp\GuitarConfiguratorSharp\GuitarConfiguratorSharp.csproj", "{AD37FB0E-F5FE-454E-BE58-38A9B11A329E}"
EndProject
Project("{FAE04EC0-301F-11D3-BF4B-00C04F79EFBC}") = "GuitarConfiguratorSharp.NetCore", "GuitarConfiguratorSharp\GuitarConfiguratorSharp.NetCore\GuitarConfiguratorSharp.NetCore.csproj", "{76824332-1496-47D8-A4F5-FBEBA9AD3C9C}"
EndProject
Global
	GlobalSection(SolutionConfigurationPlatforms) = preSolution
		Debug|Any CPU = Debug|Any CPU
		Release|Any CPU = Release|Any CPU
	EndGlobalSection
	GlobalSection(ProjectConfigurationPlatforms) = postSolution
		{AD37FB0E-F5FE-454E-BE58-38A9B11A329E}.Debug|Any CPU.ActiveCfg = Debug|Any CPU
		{AD37FB0E-F5FE-454E-BE58-38A9B11A329E}.Debug|Any CPU.Build.0 = Debug|Any CPU
		{AD37FB0E-F5FE-454E-BE58-38A9B11A329E}.Release|Any CPU.ActiveCfg = Release|Any CPU
		{AD37FB0E-F5FE-454E-BE58-38A9B11A329E}.Release|Any CPU.Build.0 = Release|Any CPU
		{76824332-1496-47D8-A4F5-FBEBA9AD3C9C}.Debug|Any CPU.ActiveCfg = Debug|Any CPU
		{76824332-1496-47D8-A4F5-FBEBA9AD3C9C}.Debug|Any CPU.Build.0 = Debug|Any CPU
		{76824332-1496-47D8-A4F5-FBEBA9AD3C9C}.Release|Any CPU.ActiveCfg = Release|Any CPU
		{76824332-1496-47D8-A4F5-FBEBA9AD3C9C}.Release|Any CPU.Build.0 = Release|Any CPU
	EndGlobalSection
EndGlobal
